
Microsoft Visual Studio Solution File, Format Version 12.00
# Visual Studio Version 17
VisualStudioVersion = 17.11.35303.130
MinimumVisualStudioVersion = 10.0.40219.1
Project("{FAE04EC0-301F-11D3-BF4B-00C04F79EFBC}") = "CarProject", "CarProject.csproj", "{95C228C2-354E-4D4B-92B0-733217B1EDB0}"
EndProject
Global
	GlobalSection(SolutionConfigurationPlatforms) = preSolution
		Debug|Any CPU = Debug|Any CPU
		Release|Any CPU = Release|Any CPU
	EndGlobalSection
	GlobalSection(ProjectConfigurationPlatforms) = postSolution
		{95C228C2-354E-4D4B-92B0-733217B1EDB0}.Debug|Any CPU.ActiveCfg = Debug|Any CPU
		{95C228C2-354E-4D4B-92B0-733217B1EDB0}.Debug|Any CPU.Build.0 = Debug|Any CPU
		{95C228C2-354E-4D4B-92B0-733217B1EDB0}.Release|Any CPU.ActiveCfg = Release|Any CPU
		{95C228C2-354E-4D4B-92B0-733217B1EDB0}.Release|Any CPU.Build.0 = Release|Any CPU
	EndGlobalSection
	GlobalSection(SolutionProperties) = preSolution
		HideSolutionNode = FALSE
	EndGlobalSection
	GlobalSection(ExtensibilityGlobals) = postSolution
		SolutionGuid = {543ADA8F-A56E-4F63-9D6E-A5A3917BE7DD}
	EndGlobalSection
EndGlobal
